{
  "version": 4,
  "terraform_version": "1.5.6",
  "serial": 235,
  "lineage": "9a1fd757-5e90-bb7c-b92f-1c4839b2f3ce",
  "outputs": {},
  "resources": [
    {
      "mode": "managed",
      "type": "aws_s3_bucket",
      "name": "mybucket",
      "provider": "provider[\"registry.terraform.io/hashicorp/aws\"]",
      "instances": [
        {
          "schema_version": 0,
          "attributes": {
            "acceleration_status": "",
            "acl": null,
            "arn": "arn:aws:s3:::aboutmostafa.com",
            "bucket": "aboutmostafa.com",
            "bucket_domain_name": "aboutmostafa.com.s3.amazonaws.com",
            "bucket_prefix": "",
            "bucket_regional_domain_name": "aboutmostafa.com.s3.eu-central-1.amazonaws.com",
            "cors_rule": [],
            "force_destroy": false,
            "grant": [
              {
                "id": "09fd0508253ebb8a8f8d09a0969db3b56d7a913df07dde937f55fcb37face0f4",
                "permissions": [
                  "FULL_CONTROL"
                ],
                "type": "CanonicalUser",
                "uri": ""
              }
            ],
            "hosted_zone_id": "Z21DNDUVLTQW6Q",
            "id": "aboutmostafa.com",
            "lifecycle_rule": [],
            "logging": [],
            "object_lock_configuration": [],
            "object_lock_enabled": false,
            "policy": "",
            "region": "eu-central-1",
            "replication_configuration": [],
            "request_payer": "BucketOwner",
            "server_side_encryption_configuration": [
              {
                "rule": [
                  {
                    "apply_server_side_encryption_by_default": [
                      {
                        "kms_master_key_id": "",
                        "sse_algorithm": "AES256"
                      }
                    ],
                    "bucket_key_enabled": false
                  }
                ]
              }
            ],
            "tags": null,
            "tags_all": {},
            "timeouts": null,
            "versioning": [
              {
                "enabled": false,
                "mfa_delete": false
              }
            ],
            "website": [],
            "website_domain": null,
            "website_endpoint": null
          },
          "sensitive_attributes": [],
          "private": "eyJlMmJmYjczMC1lY2FhLTExZTYtOGY4OC0zNDM2M2JjN2M0YzAiOnsiY3JlYXRlIjoxMjAwMDAwMDAwMDAwLCJkZWxldGUiOjM2MDAwMDAwMDAwMDAsInJlYWQiOjEyMDAwMDAwMDAwMDAsInVwZGF0ZSI6MTIwMDAwMDAwMDAwMH19"
        }
      ]
    },
    {
      "mode": "managed",
      "type": "aws_s3_bucket_acl",
      "name": "example",
      "provider": "provider[\"registry.terraform.io/hashicorp/aws\"]",
      "instances": [
        {
          "schema_version": 0,
          "attributes": {
            "access_control_policy": [
              {
                "grant": [
                  {
                    "grantee": [
                      {
                        "display_name": "",
                        "email_address": "",
                        "id": "",
                        "type": "Group",
                        "uri": "http://acs.amazonaws.com/groups/global/AllUsers"
                      }
                    ],
                    "permission": "READ"
                  },
                  {
                    "grantee": [
                      {
                        "display_name": "",
                        "email_address": "",
                        "id": "09fd0508253ebb8a8f8d09a0969db3b56d7a913df07dde937f55fcb37face0f4",
                        "type": "CanonicalUser",
                        "uri": ""
                      }
                    ],
                    "permission": "FULL_CONTROL"
                  }
                ],
                "owner": [
                  {
                    "display_name": "",
                    "id": "09fd0508253ebb8a8f8d09a0969db3b56d7a913df07dde937f55fcb37face0f4"
                  }
                ]
              }
            ],
            "acl": "public-read",
            "bucket": "aboutmostafa.com",
            "expected_bucket_owner": "",
            "id": "aboutmostafa.com,public-read"
          },
          "sensitive_attributes": [],
          "private": "bnVsbA==",
          "dependencies": [
            "aws_s3_bucket.mybucket",
            "aws_s3_bucket_ownership_controls.example",
            "aws_s3_bucket_public_access_block.example"
          ]
        }
      ]
    },
    {
      "mode": "managed",
      "type": "aws_s3_bucket_object",
      "name": "cvfile",
      "provider": "provider[\"registry.terraform.io/hashicorp/aws\"]",
      "instances": [
        {
          "schema_version": 0,
          "attributes": {
            "acl": "public-read",
            "bucket": "aboutmostafa.com",
            "bucket_key_enabled": false,
            "cache_control": "",
            "content": null,
            "content_base64": null,
            "content_disposition": "",
            "content_encoding": "",
            "content_language": "",
            "content_type": "application/pdf",
            "etag": "e396d6c1ad47a1d47122b29b463be2b8",
            "force_destroy": false,
            "id": "cvfile/MostafaCV2023.pdf",
            "key": "cvfile/MostafaCV2023.pdf",
            "kms_key_id": null,
            "metadata": null,
            "object_lock_legal_hold_status": "",
            "object_lock_mode": "",
            "object_lock_retain_until_date": "",
            "server_side_encryption": "AES256",
            "source": "cvFile/MostafaCV2023.pdf",
            "source_hash": null,
            "storage_class": "STANDARD",
            "tags": null,
            "tags_all": {},
            "version_id": "",
            "website_redirect": ""
          },
          "sensitive_attributes": [],
          "private": "bnVsbA==",
          "dependencies": [
            "aws_s3_bucket.mybucket"
          ]
        }
      ]
    },
    {
      "mode": "managed",
      "type": "aws_s3_bucket_object",
      "name": "image3",
      "provider": "provider[\"registry.terraform.io/hashicorp/aws\"]",
      "instances": [
        {
          "schema_version": 0,
          "attributes": {
            "acl": "public-read",
            "bucket": "aboutmostafa.com",
            "bucket_key_enabled": false,
            "cache_control": "",
            "content": null,
            "content_base64": null,
            "content_disposition": "",
            "content_encoding": "",
            "content_language": "",
            "content_type": "image/png",
            "etag": "59011d5f27aacb0ceff98de98e2349f0",
            "force_destroy": false,
            "id": "images/Monitoring.png",
            "key": "images/Monitoring.png",
            "kms_key_id": null,
            "metadata": null,
            "object_lock_legal_hold_status": "",
            "object_lock_mode": "",
            "object_lock_retain_until_date": "",
            "server_side_encryption": "AES256",
            "source": "images/Monitoring App.png",
            "source_hash": null,
            "storage_class": "STANDARD",
            "tags": null,
            "tags_all": {},
            "version_id": "",
            "website_redirect": ""
          },
          "sensitive_attributes": [],
          "private": "bnVsbA==",
          "dependencies": [
            "aws_s3_bucket.mybucket"
          ]
        }
      ]
    },
    {
      "mode": "managed",
      "type": "aws_s3_bucket_object",
      "name": "image4",
      "provider": "provider[\"registry.terraform.io/hashicorp/aws\"]",
      "instances": [
        {
          "schema_version": 0,
          "attributes": {
            "acl": "public-read",
            "bucket": "aboutmostafa.com",
            "bucket_key_enabled": false,
            "cache_control": "",
            "content": null,
            "content_base64": null,
            "content_disposition": "",
            "content_encoding": "",
            "content_language": "",
            "content_type": "image/jpeg",
            "etag": "5a00d6500c899cf4d624d1931ec722f5",
            "force_destroy": false,
            "id": "images/profile.jpeg",
            "key": "images/profile.jpeg",
            "kms_key_id": null,
            "metadata": null,
            "object_lock_legal_hold_status": "",
            "object_lock_mode": "",
            "object_lock_retain_until_date": "",
            "server_side_encryption": "AES256",
            "source": "images/WhatsApp Image 2022-09-23 at 13.26.43.jpeg",
            "source_hash": null,
            "storage_class": "STANDARD",
            "tags": null,
            "tags_all": {},
            "version_id": "",
            "website_redirect": ""
          },
          "sensitive_attributes": [],
          "private": "bnVsbA==",
          "dependencies": [
            "aws_s3_bucket.mybucket"
          ]
        }
      ]
    },
    {
      "mode": "managed",
      "type": "aws_s3_bucket_object",
      "name": "image5",
      "provider": "provider[\"registry.terraform.io/hashicorp/aws\"]",
      "instances": [
        {
          "schema_version": 0,
          "attributes": {
            "acl": "public-read",
            "bucket": "aboutmostafa.com",
            "bucket_key_enabled": false,
            "cache_control": "",
            "content": null,
            "content_base64": null,
            "content_disposition": "",
            "content_encoding": "",
            "content_language": "",
            "content_type": "image/jpeg",
            "etag": "8d9fc31ab69dd9891eb29df2318a2bcd",
            "force_destroy": false,
            "id": "images/subcar.jpeg",
            "key": "images/subcar.jpeg",
            "kms_key_id": null,
            "metadata": null,
            "object_lock_legal_hold_status": "",
            "object_lock_mode": "",
            "object_lock_retain_until_date": "",
            "server_side_encryption": "AES256",
            "source": "images/WhatsApp Image 2022-09-24 at 00.02.10.jpeg",
            "source_hash": null,
            "storage_class": "STANDARD",
            "tags": null,
            "tags_all": {},
            "version_id": "",
            "website_redirect": ""
          },
          "sensitive_attributes": [],
          "private": "bnVsbA==",
          "dependencies": [
            "aws_s3_bucket.mybucket"
          ]
        }
      ]
    },
    {
      "mode": "managed",
      "type": "aws_s3_bucket_object",
      "name": "image6",
      "provider": "provider[\"registry.terraform.io/hashicorp/aws\"]",
      "instances": [
        {
          "schema_version": 0,
          "attributes": {
            "acl": "public-read",
            "bucket": "aboutmostafa.com",
            "bucket_key_enabled": false,
            "cache_control": "",
            "content": null,
            "content_base64": null,
            "content_disposition": "",
            "content_encoding": "",
            "content_language": "",
            "content_type": "image/jpeg",
            "etag": "dd14d79969ad1d7b0f5638edc2612ced",
            "force_destroy": false,
            "id": "images/store.jpeg",
            "key": "images/store.jpeg",
            "kms_key_id": null,
            "metadata": null,
            "object_lock_legal_hold_status": "",
            "object_lock_mode": "",
            "object_lock_retain_until_date": "",
            "server_side_encryption": "AES256",
            "source": "images/WhatsApp Image 2022-09-24 at 00.57.31.jpeg",
            "source_hash": null,
            "storage_class": "STANDARD",
            "tags": null,
            "tags_all": {},
            "version_id": "",
            "website_redirect": ""
          },
          "sensitive_attributes": [],
          "private": "bnVsbA==",
          "dependencies": [
            "aws_s3_bucket.mybucket"
          ]
        }
      ]
    },
    {
      "mode": "managed",
      "type": "aws_s3_bucket_object",
      "name": "image7",
      "provider": "provider[\"registry.terraform.io/hashicorp/aws\"]",
      "instances": [
        {
          "schema_version": 0,
          "attributes": {
            "acl": "public-read",
            "bucket": "aboutmostafa.com",
            "bucket_key_enabled": false,
            "cache_control": "",
            "content": null,
            "content_base64": null,
            "content_disposition": "",
            "content_encoding": "",
            "content_language": "",
            "content_type": "image/png",
            "etag": "bd064c0ca026a7a9c1d33a1697219e8f",
            "force_destroy": false,
            "id": "images/portfolio.png",
            "key": "images/portfolio.png",
            "kms_key_id": null,
            "metadata": null,
            "object_lock_legal_hold_status": "",
            "object_lock_mode": "",
            "object_lock_retain_until_date": "",
            "server_side_encryption": "AES256",
            "source": "images/portfolio-website.png",
            "source_hash": null,
            "storage_class": "STANDARD",
            "tags": null,
            "tags_all": {},
            "version_id": "",
            "website_redirect": ""
          },
          "sensitive_attributes": [],
          "private": "bnVsbA==",
          "dependencies": [
            "aws_s3_bucket.mybucket"
          ]
        }
      ]
    },
    {
      "mode": "managed",
      "type": "aws_s3_bucket_ownership_controls",
      "name": "example",
      "provider": "provider[\"registry.terraform.io/hashicorp/aws\"]",
      "instances": [
        {
          "schema_version": 0,
          "attributes": {
            "bucket": "aboutmostafa.com",
            "id": "aboutmostafa.com",
            "rule": [
              {
                "object_ownership": "BucketOwnerPreferred"
              }
            ]
          },
          "sensitive_attributes": [],
          "private": "bnVsbA==",
          "dependencies": [
            "aws_s3_bucket.mybucket"
          ]
        }
      ]
    },
    {
      "mode": "managed",
      "type": "aws_s3_bucket_public_access_block",
      "name": "example",
      "provider": "provider[\"registry.terraform.io/hashicorp/aws\"]",
      "instances": [
        {
          "schema_version": 0,
          "attributes": {
            "block_public_acls": false,
            "block_public_policy": false,
            "bucket": "aboutmostafa.com",
            "id": "aboutmostafa.com",
            "ignore_public_acls": false,
            "restrict_public_buckets": false
          },
          "sensitive_attributes": [],
          "private": "bnVsbA==",
          "dependencies": [
            "aws_s3_bucket.mybucket"
          ]
        }
      ]
    },
    {
      "mode": "managed",
      "type": "aws_s3_bucket_website_configuration",
      "name": "example",
      "provider": "provider[\"registry.terraform.io/hashicorp/aws\"]",
      "instances": [
        {
          "schema_version": 0,
          "attributes": {
            "bucket": "aboutmostafa.com",
            "error_document": [
              {
                "key": "error.html"
              }
            ],
            "expected_bucket_owner": "",
            "id": "aboutmostafa.com",
            "index_document": [
              {
                "suffix": "index.html"
              }
            ],
            "redirect_all_requests_to": [],
            "routing_rule": [],
            "routing_rules": "",
            "website_domain": "s3-website.eu-central-1.amazonaws.com",
            "website_endpoint": "aboutmostafa.com.s3-website.eu-central-1.amazonaws.com"
          },
          "sensitive_attributes": [],
          "private": "bnVsbA==",
          "dependencies": [
            "aws_s3_bucket.mybucket",
            "aws_s3_bucket_acl.example",
            "aws_s3_bucket_ownership_controls.example",
            "aws_s3_bucket_public_access_block.example"
          ]
        }
      ]
    },
    {
      "mode": "managed",
      "type": "aws_s3_object",
      "name": "javascript",
      "provider": "provider[\"registry.terraform.io/hashicorp/aws\"]",
      "instances": [
        {
          "schema_version": 0,
          "attributes": {
            "acl": "public-read",
            "bucket": "aboutmostafa.com",
            "bucket_key_enabled": false,
            "cache_control": "",
            "content": null,
            "content_base64": null,
            "content_disposition": "",
            "content_encoding": "",
            "content_language": "",
            "content_type": "application/javascript",
            "etag": "083c62e0161347c45669f54ad0291432",
            "force_destroy": false,
            "id": "app.js",
            "key": "app.js",
            "kms_key_id": null,
            "metadata": null,
            "object_lock_legal_hold_status": "",
            "object_lock_mode": "",
            "object_lock_retain_until_date": "",
            "server_side_encryption": "AES256",
            "source": "app.js",
            "source_hash": null,
            "storage_class": "STANDARD",
            "tags": null,
            "tags_all": {},
            "version_id": "",
            "website_redirect": ""
          },
          "sensitive_attributes": [],
          "private": "bnVsbA==",
          "dependencies": [
            "aws_s3_bucket.mybucket"
          ]
        }
      ]
    },
    {
      "mode": "managed",
      "type": "aws_s3_object",
      "name": "thanksCss",
      "provider": "provider[\"registry.terraform.io/hashicorp/aws\"]",
      "instances": [
        {
          "schema_version": 0,
          "attributes": {
            "acl": "public-read",
            "bucket": "aboutmostafa.com",
            "bucket_key_enabled": false,
            "cache_control": "",
            "content": null,
            "content_base64": null,
            "content_disposition": "",
            "content_encoding": "",
            "content_language": "",
            "content_type": "text/css",
            "etag": "776324a477311710731bbf7c1bc2fd7c",
            "force_destroy": false,
            "id": "thanks.css",
            "key": "thanks.css",
            "kms_key_id": null,
            "metadata": null,
            "object_lock_legal_hold_status": "",
            "object_lock_mode": "",
            "object_lock_retain_until_date": "",
            "server_side_encryption": "AES256",
            "source": "thanks.css",
            "source_hash": null,
            "storage_class": "STANDARD",
            "tags": null,
            "tags_all": {},
            "version_id": "",
            "website_redirect": ""
          },
          "sensitive_attributes": [],
          "private": "bnVsbA==",
          "dependencies": [
            "aws_s3_bucket.mybucket"
          ]
        }
      ]
    }
  ],
  "check_results": null
}
